
Microsoft Visual Studio Solution File, Format Version 12.00
# Visual Studio Version 17
VisualStudioVersion = 17.11.35327.3
MinimumVisualStudioVersion = 10.0.40219.1
Project("{FAE04EC0-301F-11D3-BF4B-00C04F79EFBC}") = "EmpMgmtSystem", "EmpMgmtSystem\EmpMgmtSystem.csproj", "{079A1BF9-1CE1-4002-B05B-781FEB42CDD8}"
EndProject
Global
	GlobalSection(SolutionConfigurationPlatforms) = preSolution
		Debug|Any CPU = Debug|Any CPU
		Release|Any CPU = Release|Any CPU
	EndGlobalSection
	GlobalSection(ProjectConfigurationPlatforms) = postSolution
		{079A1BF9-1CE1-4002-B05B-781FEB42CDD8}.Debug|Any CPU.ActiveCfg = Debug|Any CPU
		{079A1BF9-1CE1-4002-B05B-781FEB42CDD8}.Debug|Any CPU.Build.0 = Debug|Any CPU
		{079A1BF9-1CE1-4002-B05B-781FEB42CDD8}.Release|Any CPU.ActiveCfg = Release|Any CPU
		{079A1BF9-1CE1-4002-B05B-781FEB42CDD8}.Release|Any CPU.Build.0 = Release|Any CPU
	EndGlobalSection
	GlobalSection(SolutionProperties) = preSolution
		HideSolutionNode = FALSE
	EndGlobalSection
	GlobalSection(ExtensibilityGlobals) = postSolution
		SolutionGuid = {B0FCF06D-6E38-4BA2-A017-6E9523BF05D7}
	EndGlobalSection
EndGlobal
